
Microsoft Visual Studio Solution File, Format Version 12.00
# Visual Studio Version 16
VisualStudioVersion = 16.0.29326.143
MinimumVisualStudioVersion = 10.0.40219.1
Project("{FAE04EC0-301F-11D3-BF4B-00C04F79EFBC}") = "Business", "Business\Business.csproj", "{1874563E-81FF-4C1F-8C65-E5E0926743CE}"
EndProject
Project("{FAE04EC0-301F-11D3-BF4B-00C04F79EFBC}") = "Core", "Core\Core.csproj", "{EF726779-1547-4AD2-8B7F-EE5C86B7411F}"
EndProject
Project("{FAE04EC0-301F-11D3-BF4B-00C04F79EFBC}") = "DataAccess", "DataAccess\DataAccess.csproj", "{E0D22FC4-A804-4135-B674-34B3ED203A3F}"
EndProject
Project("{FAE04EC0-301F-11D3-BF4B-00C04F79EFBC}") = "Entities", "Entities\Entities.csproj", "{24BA889A-CD00-42FF-8953-DD26BCAA7315}"
EndProject
Project("{FAE04EC0-301F-11D3-BF4B-00C04F79EFBC}") = "WebAPI", "WebAPI\WebAPI.csproj", "{C9B65483-2191-4433-BA0F-D6DF3C0C9A6D}"
EndProject
Global
	GlobalSection(SolutionConfigurationPlatforms) = preSolution
		Debug|Any CPU = Debug|Any CPU
		Release|Any CPU = Release|Any CPU
	EndGlobalSection
	GlobalSection(ProjectConfigurationPlatforms) = postSolution
		{1874563E-81FF-4C1F-8C65-E5E0926743CE}.Debug|Any CPU.ActiveCfg = Debug|Any CPU
		{1874563E-81FF-4C1F-8C65-E5E0926743CE}.Debug|Any CPU.Build.0 = Debug|Any CPU
		{1874563E-81FF-4C1F-8C65-E5E0926743CE}.Release|Any CPU.ActiveCfg = Release|Any CPU
		{1874563E-81FF-4C1F-8C65-E5E0926743CE}.Release|Any CPU.Build.0 = Release|Any CPU
		{EF726779-1547-4AD2-8B7F-EE5C86B7411F}.Debug|Any CPU.ActiveCfg = Debug|Any CPU
		{EF726779-1547-4AD2-8B7F-EE5C86B7411F}.Debug|Any CPU.Build.0 = Debug|Any CPU
		{EF726779-1547-4AD2-8B7F-EE5C86B7411F}.Release|Any CPU.ActiveCfg = Release|Any CPU
		{EF726779-1547-4AD2-8B7F-EE5C86B7411F}.Release|Any CPU.Build.0 = Release|Any CPU
		{E0D22FC4-A804-4135-B674-34B3ED203A3F}.Debug|Any CPU.ActiveCfg = Debug|Any CPU
		{E0D22FC4-A804-4135-B674-34B3ED203A3F}.Debug|Any CPU.Build.0 = Debug|Any CPU
		{E0D22FC4-A804-4135-B674-34B3ED203A3F}.Release|Any CPU.ActiveCfg = Release|Any CPU
		{E0D22FC4-A804-4135-B674-34B3ED203A3F}.Release|Any CPU.Build.0 = Release|Any CPU
		{24BA889A-CD00-42FF-8953-DD26BCAA7315}.Debug|Any CPU.ActiveCfg = Debug|Any CPU
		{24BA889A-CD00-42FF-8953-DD26BCAA7315}.Debug|Any CPU.Build.0 = Debug|Any CPU
		{24BA889A-CD00-42FF-8953-DD26BCAA7315}.Release|Any CPU.ActiveCfg = Release|Any CPU
		{24BA889A-CD00-42FF-8953-DD26BCAA7315}.Release|Any CPU.Build.0 = Release|Any CPU
		{C9B65483-2191-4433-BA0F-D6DF3C0C9A6D}.Debug|Any CPU.ActiveCfg = Debug|Any CPU
		{C9B65483-2191-4433-BA0F-D6DF3C0C9A6D}.Debug|Any CPU.Build.0 = Debug|Any CPU
		{C9B65483-2191-4433-BA0F-D6DF3C0C9A6D}.Release|Any CPU.ActiveCfg = Release|Any CPU
		{C9B65483-2191-4433-BA0F-D6DF3C0C9A6D}.Release|Any CPU.Build.0 = Release|Any CPU
	EndGlobalSection
	GlobalSection(SolutionProperties) = preSolution
		HideSolutionNode = FALSE
	EndGlobalSection
	GlobalSection(ExtensibilityGlobals) = postSolution
		SolutionGuid = {9FC50D18-410F-414E-AA88-B8609900611C}
	EndGlobalSection
EndGlobal
